
Microsoft Visual Studio Solution File, Format Version 12.00
# Visual Studio 15
VisualStudioVersion = 15.0.28010.2026
MinimumVisualStudioVersion = 10.0.40219.1
Project("{8BC9CEB8-8B4A-11D0-8D11-00A0C91BC942}") = "Projecto_v2", "Projecto_v2\Projecto_v2.vcxproj", "{693100B1-5E9F-46EA-B1B9-79AE889D0D1C}"
EndProject
Global
	GlobalSection(SolutionConfigurationPlatforms) = preSolution
		Debug|x64 = Debug|x64
		Debug|x86 = Debug|x86
		Release|x64 = Release|x64
		Release|x86 = Release|x86
	EndGlobalSection
	GlobalSection(ProjectConfigurationPlatforms) = postSolution
		{693100B1-5E9F-46EA-B1B9-79AE889D0D1C}.Debug|x64.ActiveCfg = Debug|x64
		{693100B1-5E9F-46EA-B1B9-79AE889D0D1C}.Debug|x64.Build.0 = Debug|x64
		{693100B1-5E9F-46EA-B1B9-79AE889D0D1C}.Debug|x86.ActiveCfg = Debug|Win32
		{693100B1-5E9F-46EA-B1B9-79AE889D0D1C}.Debug|x86.Build.0 = Debug|Win32
		{693100B1-5E9F-46EA-B1B9-79AE889D0D1C}.Release|x64.ActiveCfg = Release|x64
		{693100B1-5E9F-46EA-B1B9-79AE889D0D1C}.Release|x64.Build.0 = Release|x64
		{693100B1-5E9F-46EA-B1B9-79AE889D0D1C}.Release|x86.ActiveCfg = Release|Win32
		{693100B1-5E9F-46EA-B1B9-79AE889D0D1C}.Release|x86.Build.0 = Release|Win32
	EndGlobalSection
	GlobalSection(SolutionProperties) = preSolution
		HideSolutionNode = FALSE
	EndGlobalSection
	GlobalSection(ExtensibilityGlobals) = postSolution
		SolutionGuid = {96BDBD85-F55E-45D1-B475-B904DF620BB4}
	EndGlobalSection
EndGlobal
